// !$*UTF8*$!
{
	archiveVersion = 1;
	classes = {
	};
	objectVersion = 77;
	objects = {

/* Begin PBXBuildFile section */
		434439D52FF3B3A500B96C63 /* Lottie in Frameworks */ = {isa = PBXBuildFile; productRef = 434439D42FF3B3A500B96C63 /* Lottie */; };
		43B562FB2FA4AC8A00B62CD8 /* CoreTelephony.framework in Frameworks */ = {isa = PBXBuildFile; fileRef = 43B562FA2FA4AC8A00B62CD8 /* CoreTelephony.framework */; };
		43B562FD2FA4AC9400B62CD8 /* SystemConfiguration.framework in Frameworks */ = {isa = PBXBuildFile; fileRef = 43B562FC2FA4AC9400B62CD8 /* SystemConfiguration.framework */; };
		43B562FF2FA4AC9D00B62CD8 /* AdSupport.framework in Frameworks */ = {isa = PBXBuildFile; fileRef = 43B562FE2FA4AC9D00B62CD8 /* AdSupport.framework */; };
		43B563032FA4ACB000B62CD8 /* WebKit.framework in Frameworks */ = {isa = PBXBuildFile; fileRef = 43B563022FA4ACB000B62CD8 /* WebKit.framework */; };
		43B563062FA4ACCD00B62CD8 /* libsqlite3.tbd in Frameworks */ = {isa = PBXBuildFile; fileRef = 43B563052FA4ACC000B62CD8 /* libsqlite3.tbd */; };
		43B563072FA4ACD800B62CD8 /* libz.tbd in Frameworks */ = {isa = PBXBuildFile; fileRef = 43B563042FA4ACB800B62CD8 /* libz.tbd */; };
		43E2079C2FF65FF5007EB152 /* StoreKit.framework in Frameworks */ = {isa = PBXBuildFile; fileRef = 43E2079B2FF65FF5007EB152 /* StoreKit.framework */; };
		43E207A12FF660FB007EB152 /* products.storekit in Resources */ = {isa = PBXBuildFile; fileRef = 43E207A02FF660FB007EB152 /* products.storekit */; };
/* End PBXBuildFile section */

/* Begin PBXContainerItemProxy section */
		43B55EC62F9CED9400B62CD8 /* PBXContainerItemProxy */ = {
			isa = PBXContainerItemProxy;
			containerPortal = 43604B4E2F87D83A009131CE /* Project object */;
			proxyType = 1;
			remoteGlobalIDString = 43604B552F87D83A009131CE;
			remoteInfo = SafeEat;
		};
/* End PBXContainerItemProxy section */

/* Begin PBXCopyFilesBuildPhase section */
		43B562F82FA4AC7100B62CD8 /* Embed Frameworks */ = {
			isa = PBXCopyFilesBuildPhase;
			buildActionMask = 2147483647;
			dstPath = "";
			dstSubfolderSpec = 10;
			files = (
			);
			name = "Embed Frameworks";
			runOnlyForDeploymentPostprocessing = 0;
		};
/* End PBXCopyFilesBuildPhase section */

/* Begin PBXFileReference section */
		43604B562F87D83A009131CE /* SafeEat.app */ = {isa = PBXFileReference; explicitFileType = wrapper.application; includeInIndex = 0; path = SafeEat.app; sourceTree = BUILT_PRODUCTS_DIR; };
		43B55EC02F9CED9400B62CD8 /* SafeEatUITests.xctest */ = {isa = PBXFileReference; explicitFileType = wrapper.cfbundle; includeInIndex = 0; path = SafeEatUITests.xctest; sourceTree = BUILT_PRODUCTS_DIR; };
		43B562FA2FA4AC8A00B62CD8 /* CoreTelephony.framework */ = {isa = PBXFileReference; lastKnownFileType = wrapper.framework; name = CoreTelephony.framework; path = Platforms/iPhoneOS.platform/Developer/SDKs/iPhoneOS26.4.sdk/System/Library/Frameworks/CoreTelephony.framework; sourceTree = DEVELOPER_DIR; };
		43B562FC2FA4AC9400B62CD8 /* SystemConfiguration.framework */ = {isa = PBXFileReference; lastKnownFileType = wrapper.framework; name = SystemConfiguration.framework; path = Platforms/iPhoneOS.platform/Developer/SDKs/iPhoneOS26.4.sdk/System/Library/Frameworks/SystemConfiguration.framework; sourceTree = DEVELOPER_DIR; };
		43B562FE2FA4AC9D00B62CD8 /* AdSupport.framework */ = {isa = PBXFileReference; lastKnownFileType = wrapper.framework; name = AdSupport.framework; path = Platforms/iPhoneOS.platform/Developer/SDKs/iPhoneOS26.4.sdk/System/Library/Frameworks/AdSupport.framework; sourceTree = DEVELOPER_DIR; };
		43B563002FA4ACA500B62CD8 /* StoreKit.framework */ = {isa = PBXFileReference; lastKnownFileType = wrapper.framework; name = StoreKit.framework; path = Platforms/iPhoneOS.platform/Developer/SDKs/iPhoneOS26.4.sdk/System/Library/Frameworks/StoreKit.framework; sourceTree = DEVELOPER_DIR; };
		43B563022FA4ACB000B62CD8 /* WebKit.framework */ = {isa = PBXFileReference; lastKnownFileType = wrapper.framework; name = WebKit.framework; path = Platforms/iPhoneOS.platform/Developer/SDKs/iPhoneOS26.4.sdk/System/Library/Frameworks/WebKit.framework; sourceTree = DEVELOPER_DIR; };
		43B563042FA4ACB800B62CD8 /* libz.tbd */ = {isa = PBXFileReference; lastKnownFileType = "sourcecode.text-based-dylib-definition"; name = libz.tbd; path = Platforms/iPhoneOS.platform/Developer/SDKs/iPhoneOS26.4.sdk/usr/lib/libz.tbd; sourceTree = DEVELOPER_DIR; };
		43B563052FA4ACC000B62CD8 /* libsqlite3.tbd */ = {isa = PBXFileReference; lastKnownFileType = "sourcecode.text-based-dylib-definition"; name = libsqlite3.tbd; path = Platforms/iPhoneOS.platform/Developer/SDKs/iPhoneOS26.4.sdk/usr/lib/libsqlite3.tbd; sourceTree = DEVELOPER_DIR; };
		43E2079B2FF65FF5007EB152 /* StoreKit.framework */ = {isa = PBXFileReference; lastKnownFileType = wrapper.framework; name = StoreKit.framework; path = System/Library/Frameworks/StoreKit.framework; sourceTree = SDKROOT; };
		43E207A02FF660FB007EB152 /* products.storekit */ = {isa = PBXFileReference; lastKnownFileType = text; path = products.storekit; sourceTree = "<group>"; };
/* End PBXFileReference section */

/* Begin PBXFileSystemSynchronizedBuildFileExceptionSet section */
		43604B632F87D83D009131CE /* Exceptions for "SafeEat" folder in "SafeEat" target */ = {
			isa = PBXFileSystemSynchronizedBuildFileExceptionSet;
			attributesByRelativePath = {
				ThirdParty/UMeng/UMCommon.xcframework = (Required, );
			};
			membershipExceptions = (
				Info.plist,
				ThirdParty/UMeng/UTDID.xcframework,
				ThirdParty/UMeng/UYuMao.xcframework,
			);
			target = 43604B552F87D83A009131CE /* SafeEat */;
		};
/* End PBXFileSystemSynchronizedBuildFileExceptionSet section */

/* Begin PBXFileSystemSynchronizedGroupBuildPhaseMembershipExceptionSet section */
		43B562F92FA4AC7100B62CD8 /* Exceptions for "SafeEat" folder in "Embed Frameworks" phase from "SafeEat" target */ = {
			isa = PBXFileSystemSynchronizedGroupBuildPhaseMembershipExceptionSet;
			attributesByRelativePath = {
				ThirdParty/UMeng/UMCommon.xcframework = (CodeSignOnCopy, RemoveHeadersOnCopy, );
				ThirdParty/UMeng/UMCommonLog.xcframework = (CodeSignOnCopy, RemoveHeadersOnCopy, );
				ThirdParty/UMeng/UMDevice.xcframework = (CodeSignOnCopy, RemoveHeadersOnCopy, );
				ThirdParty/UMeng/UMRemoteConfig.xcframework = (CodeSignOnCopy, RemoveHeadersOnCopy, );
				ThirdParty/UMeng/UMUnionSDK.xcframework = (CodeSignOnCopy, RemoveHeadersOnCopy, );
			};
			buildPhase = 43B562F82FA4AC7100B62CD8 /* Embed Frameworks */;
			membershipExceptions = (
				ThirdParty/UMeng/UMCommon.xcframework,
				ThirdParty/UMeng/UMCommonLog.xcframework,
				ThirdParty/UMeng/UMDevice.xcframework,
				ThirdParty/UMeng/UMRemoteConfig.xcframework,
				ThirdParty/UMeng/UMUnionSDK.xcframework,
			);
		};
/* End PBXFileSystemSynchronizedGroupBuildPhaseMembershipExceptionSet section */

/* Begin PBXFileSystemSynchronizedRootGroup section */
		43604B582F87D83A009131CE /* SafeEat */ = {
			isa = PBXFileSystemSynchronizedRootGroup;
			exceptions = (
				43604B632F87D83D009131CE /* Exceptions for "SafeEat" folder in "SafeEat" target */,
				43B562F92FA4AC7100B62CD8 /* Exceptions for "SafeEat" folder in "Embed Frameworks" phase from "SafeEat" target */,
			);
			path = SafeEat;
			sourceTree = "<group>";
		};
/* End PBXFileSystemSynchronizedRootGroup section */

/* Begin PBXFrameworksBuildPhase section */
		43604B532F87D83A009131CE /* Frameworks */ = {
			isa = PBXFrameworksBuildPhase;
			buildActionMask = 2147483647;
			files = (
				43B562FD2FA4AC9400B62CD8 /* SystemConfiguration.framework in Frameworks */,
				43B562FB2FA4AC8A00B62CD8 /* CoreTelephony.framework in Frameworks */,
				43B563062FA4ACCD00B62CD8 /* libsqlite3.tbd in Frameworks */,
				43B563072FA4ACD800B62CD8 /* libz.tbd in Frameworks */,
				43B562FF2FA4AC9D00B62CD8 /* AdSupport.framework in Frameworks */,
				43B563032FA4ACB000B62CD8 /* WebKit.framework in Frameworks */,
				43E2079C2FF65FF5007EB152 /* StoreKit.framework in Frameworks */,
				434439D52FF3B3A500B96C63 /* Lottie in Frameworks */,
			);
			runOnlyForDeploymentPostprocessing = 0;
		};
		43B55EBD2F9CED9400B62CD8 /* Frameworks */ = {
			isa = PBXFrameworksBuildPhase;
			buildActionMask = 2147483647;
			files = (
			);
			runOnlyForDeploymentPostprocessing = 0;
		};
/* End PBXFrameworksBuildPhase section */

/* Begin PBXGroup section */
		43604B4D2F87D83A009131CE = {
			isa = PBXGroup;
			children = (
				43E207A02FF660FB007EB152 /* products.storekit */,
				43604B582F87D83A009131CE /* SafeEat */,
				43B562E92FA4AC7000B62CD8 /* Frameworks */,
				43604B572F87D83A009131CE /* Products */,
			);
			sourceTree = "<group>";
		};
		43604B572F87D83A009131CE /* Products */ = {
			isa = PBXGroup;
			children = (
				43604B562F87D83A009131CE /* SafeEat.app */,
				43B55EC02F9CED9400B62CD8 /* SafeEatUITests.xctest */,
			);
			name = Products;
			sourceTree = "<group>";
		};
		43B562E92FA4AC7000B62CD8 /* Frameworks */ = {
			isa = PBXGroup;
			children = (
				43E2079B2FF65FF5007EB152 /* StoreKit.framework */,
				43B563052FA4ACC000B62CD8 /* libsqlite3.tbd */,
				43B563042FA4ACB800B62CD8 /* libz.tbd */,
				43B563022FA4ACB000B62CD8 /* WebKit.framework */,
				43B563002FA4ACA500B62CD8 /* StoreKit.framework */,
				43B562FE2FA4AC9D00B62CD8 /* AdSupport.framework */,
				43B562FC2FA4AC9400B62CD8 /* SystemConfiguration.framework */,
				43B562FA2FA4AC8A00B62CD8 /* CoreTelephony.framework */,
			);
			name = Frameworks;
			sourceTree = "<group>";
		};
/* End PBXGroup section */

/* Begin PBXNativeTarget section */
		43604B552F87D83A009131CE /* SafeEat */ = {
			isa = PBXNativeTarget;
			buildConfigurationList = 43604B642F87D83D009131CE /* Build configuration list for PBXNativeTarget "SafeEat" */;
			buildPhases = (
				43604B522F87D83A009131CE /* Sources */,
				43604B532F87D83A009131CE /* Frameworks */,
				43604B542F87D83A009131CE /* Resources */,
				43B562F82FA4AC7100B62CD8 /* Embed Frameworks */,
			);
			buildRules = (
			);
			dependencies = (
			);
			fileSystemSynchronizedGroups = (
				43604B582F87D83A009131CE /* SafeEat */,
			);
			name = SafeEat;
			packageProductDependencies = (
				434439D42FF3B3A500B96C63 /* Lottie */,
			);
			productName = SafeEat;
			productReference = 43604B562F87D83A009131CE /* SafeEat.app */;
			productType = "com.apple.product-type.application";
		};
		43B55EBF2F9CED9400B62CD8 /* SafeEatUITests */ = {
			isa = PBXNativeTarget;
			buildConfigurationList = 43B55EC82F9CED9400B62CD8 /* Build configuration list for PBXNativeTarget "SafeEatUITests" */;
			buildPhases = (
				43B55EBC2F9CED9400B62CD8 /* Sources */,
				43B55EBD2F9CED9400B62CD8 /* Frameworks */,
				43B55EBE2F9CED9400B62CD8 /* Resources */,
			);
			buildRules = (
			);
			dependencies = (
				43B55EC72F9CED9400B62CD8 /* PBXTargetDependency */,
			);
			name = SafeEatUITests;
			packageProductDependencies = (
			);
			productName = SafeEatUITests;
			productReference = 43B55EC02F9CED9400B62CD8 /* SafeEatUITests.xctest */;
			productType = "com.apple.product-type.bundle.ui-testing";
		};
/* End PBXNativeTarget section */

/* Begin PBXProject section */
		43604B4E2F87D83A009131CE /* Project object */ = {
			isa = PBXProject;
			attributes = {
				BuildIndependentTargetsInParallel = 1;
				LastSwiftUpdateCheck = 2640;
				LastUpgradeCheck = 2640;
				TargetAttributes = {
					43604B552F87D83A009131CE = {
						CreatedOnToolsVersion = 26.4;
					};
					43B55EBF2F9CED9400B62CD8 = {
						CreatedOnToolsVersion = 26.4;
						TestTargetID = 43604B552F87D83A009131CE;
					};
				};
			};
			buildConfigurationList = 43604B512F87D83A009131CE /* Build configuration list for PBXProject "SafeEat" */;
			developmentRegion = en;
			hasScannedForEncodings = 0;
			knownRegions = (
				en,
				"zh-Hans",
				Base,
			);
			mainGroup = 43604B4D2F87D83A009131CE;
			minimizedProjectReferenceProxies = 1;
			packageReferences = (
				434437892FF1260D00B96C63 /* XCRemoteSwiftPackageReference "lottie-ios" */,
			);
			preferredProjectObjectVersion = 77;
			productRefGroup = 43604B572F87D83A009131CE /* Products */;
			projectDirPath = "";
			projectRoot = "";
			targets = (
				43604B552F87D83A009131CE /* SafeEat */,
				43B55EBF2F9CED9400B62CD8 /* SafeEatUITests */,
			);
		};
/* End PBXProject section */

/* Begin PBXResourcesBuildPhase section */
		43604B542F87D83A009131CE /* Resources */ = {
			isa = PBXResourcesBuildPhase;
			buildActionMask = 2147483647;
			files = (
				43E207A12FF660FB007EB152 /* products.storekit in Resources */,
			);
			runOnlyForDeploymentPostprocessing = 0;
		};
		43B55EBE2F9CED9400B62CD8 /* Resources */ = {
			isa = PBXResourcesBuildPhase;
			buildActionMask = 2147483647;
			files = (
			);
			runOnlyForDeploymentPostprocessing = 0;
		};
/* End PBXResourcesBuildPhase section */

/* Begin PBXSourcesBuildPhase section */
		43604B522F87D83A009131CE /* Sources */ = {
			isa = PBXSourcesBuildPhase;
			buildActionMask = 2147483647;
			files = (
			);
			runOnlyForDeploymentPostprocessing = 0;
		};
		43B55EBC2F9CED9400B62CD8 /* Sources */ = {
			isa = PBXSourcesBuildPhase;
			buildActionMask = 2147483647;
			files = (
			);
			runOnlyForDeploymentPostprocessing = 0;
		};
/* End PBXSourcesBuildPhase section */

/* Begin PBXTargetDependency section */
		43B55EC72F9CED9400B62CD8 /* PBXTargetDependency */ = {
			isa = PBXTargetDependency;
			target = 43604B552F87D83A009131CE /* SafeEat */;
			targetProxy = 43B55EC62F9CED9400B62CD8 /* PBXContainerItemProxy */;
		};
/* End PBXTargetDependency section */

/* Begin XCBuildConfiguration section */
		43604B652F87D83D009131CE /* Debug */ = {
			isa = XCBuildConfiguration;
			buildSettings = {
				ASSETCATALOG_COMPILER_APPICON_NAME = AppIcon;
				ASSETCATALOG_COMPILER_GLOBAL_ACCENT_COLOR_NAME = AccentColor;
				CODE_SIGN_IDENTITY = "Apple Development";
				CODE_SIGN_STYLE = Automatic;
				CURRENT_PROJECT_VERSION = 1;
				DEVELOPMENT_TEAM = M99NCSX352;
				ENABLE_APP_SANDBOX = YES;
				ENABLE_HARDENED_RUNTIME = YES;
				ENABLE_PREVIEWS = YES;
				ENABLE_USER_SELECTED_FILES = readonly;
				FRAMEWORK_SEARCH_PATHS = (
					"$(inherited)",
					"$(PROJECT_DIR)/SafeEat/ThirdParty/UMeng",
				);
				GENERATE_INFOPLIST_FILE = YES;
				INFOPLIST_FILE = SafeEat/Info.plist;
				INFOPLIST_KEY_CFBundleDisplayName = "食安安";
				INFOPLIST_KEY_NSCameraUsageDescription = "SafeEat 需要使用相机来拍摄食物照片进行识别";
				INFOPLIST_KEY_NSLocalNetworkUsageDescription = "SafeEat 需要访问本地网络以连接开发服务器";
				INFOPLIST_KEY_NSPhotoLibraryAddUsageDescription = "SafeEat 需要保存图片到相册";
				INFOPLIST_KEY_NSPhotoLibraryUsageDescription = "SafeEat 需要访问相册以选择食物照片进行识别";
				INFOPLIST_KEY_NSUserTrackingUsageDescription = "食安安需要使用广告标识来为您提供个性化的广告体验，您可以选择允许或拒绝。";
				"INFOPLIST_KEY_UIApplicationSceneManifest_Generation[sdk=iphoneos*]" = YES;
				"INFOPLIST_KEY_UIApplicationSceneManifest_Generation[sdk=iphonesimulator*]" = YES;
				"INFOPLIST_KEY_UIApplicationSupportsIndirectInputEvents[sdk=iphoneos*]" = YES;
				"INFOPLIST_KEY_UIApplicationSupportsIndirectInputEvents[sdk=iphonesimulator*]" = YES;
				"INFOPLIST_KEY_UILaunchScreen_Generation[sdk=iphoneos*]" = YES;
				"INFOPLIST_KEY_UILaunchScreen_Generation[sdk=iphonesimulator*]" = YES;
				"INFOPLIST_KEY_UIStatusBarStyle[sdk=iphoneos*]" = UIStatusBarStyleDefault;
				"INFOPLIST_KEY_UIStatusBarStyle[sdk=iphonesimulator*]" = UIStatusBarStyleDefault;
				INFOPLIST_KEY_UISupportedInterfaceOrientations_iPad = "UIInterfaceOrientationPortrait UIInterfaceOrientationPortraitUpsideDown UIInterfaceOrientationLandscapeLeft UIInterfaceOrientationLandscapeRight";
				INFOPLIST_KEY_UISupportedInterfaceOrientations_iPhone = "UIInterfaceOrientationPortrait UIInterfaceOrientationLandscapeLeft UIInterfaceOrientationLandscapeRight";
				IPHONEOS_DEPLOYMENT_TARGET = 17.0;
				LD_RUNPATH_SEARCH_PATHS = "@executable_path/Frameworks";
				"LD_RUNPATH_SEARCH_PATHS[sdk=macosx*]" = "@executable_path/../Frameworks";
				MARKETING_VERSION = 1.0.0;
				OTHER_LDFLAGS = "-ObjC";
				PRODUCT_BUNDLE_IDENTIFIER = com.bizeaselink.SafeEat;
				PRODUCT_NAME = "$(TARGET_NAME)";
				PROVISIONING_PROFILE_SPECIFIER = "";
				REGISTER_APP_GROUPS = YES;
				SDKROOT = auto;
				STRING_CATALOG_GENERATE_SYMBOLS = YES;
				SUPPORTED_PLATFORMS = "iphoneos iphonesimulator";
				SUPPORTS_MACCATALYST = NO;
				SWIFT_APPROACHABLE_CONCURRENCY = YES;
				SWIFT_DEFAULT_ACTOR_ISOLATION = MainActor;
				SWIFT_EMIT_LOC_STRINGS = YES;
				SWIFT_OBJC_BRIDGING_HEADER = "SafeEat/SafeEat-Bridging-Header.h";
				SWIFT_UPCOMING_FEATURE_MEMBER_IMPORT_VISIBILITY = YES;
				SWIFT_VERSION = 5.0;
				TARGETED_DEVICE_FAMILY = "1,2";
			};
			name = Debug;
		};
		43604B662F87D83D009131CE /* Release */ = {
			isa = XCBuildConfiguration;
			buildSettings = {
				ASSETCATALOG_COMPILER_APPICON_NAME = AppIcon;
				ASSETCATALOG_COMPILER_GLOBAL_ACCENT_COLOR_NAME = AccentColor;
				CODE_SIGN_IDENTITY = "Apple Development";
				CODE_SIGN_STYLE = Automatic;
				CURRENT_PROJECT_VERSION = 1;
				DEVELOPMENT_TEAM = M99NCSX352;
				ENABLE_APP_SANDBOX = YES;
				ENABLE_HARDENED_RUNTIME = YES;
				ENABLE_PREVIEWS = YES;
				ENABLE_USER_SELECTED_FILES = readonly;
				FRAMEWORK_SEARCH_PATHS = (
					"$(inherited)",
					"$(PROJECT_DIR)/SafeEat/ThirdParty/UMeng",
				);
				GENERATE_INFOPLIST_FILE = YES;
				INFOPLIST_FILE = SafeEat/Info.plist;
				INFOPLIST_KEY_CFBundleDisplayName = "食安安";
				INFOPLIST_KEY_NSCameraUsageDescription = "SafeEat 需要使用相机来拍摄食物照片进行识别";
				INFOPLIST_KEY_NSLocalNetworkUsageDescription = "SafeEat 需要访问本地网络以连接开发服务器";
				INFOPLIST_KEY_NSPhotoLibraryAddUsageDescription = "SafeEat 需要保存图片到相册";
				INFOPLIST_KEY_NSPhotoLibraryUsageDescription = "SafeEat 需要访问相册以选择食物照片进行识别";
				INFOPLIST_KEY_NSUserTrackingUsageDescription = "食安安需要使用广告标识来为您提供个性化的广告体验，您可以选择允许或拒绝。";
				"INFOPLIST_KEY_UIApplicationSceneManifest_Generation[sdk=iphoneos*]" = YES;
				"INFOPLIST_KEY_UIApplicationSceneManifest_Generation[sdk=iphonesimulator*]" = YES;
				"INFOPLIST_KEY_UIApplicationSupportsIndirectInputEvents[sdk=iphoneos*]" = YES;
				"INFOPLIST_KEY_UIApplicationSupportsIndirectInputEvents[sdk=iphonesimulator*]" = YES;
				"INFOPLIST_KEY_UILaunchScreen_Generation[sdk=iphoneos*]" = YES;
				"INFOPLIST_KEY_UILaunchScreen_Generation[sdk=iphonesimulator*]" = YES;
				"INFOPLIST_KEY_UIStatusBarStyle[sdk=iphoneos*]" = UIStatusBarStyleDefault;
				"INFOPLIST_KEY_UIStatusBarStyle[sdk=iphonesimulator*]" = UIStatusBarStyleDefault;
				INFOPLIST_KEY_UISupportedInterfaceOrientations_iPad = "UIInterfaceOrientationPortrait UIInterfaceOrientationPortraitUpsideDown UIInterfaceOrientationLandscapeLeft UIInterfaceOrientationLandscapeRight";
				INFOPLIST_KEY_UISupportedInterfaceOrientations_iPhone = "UIInterfaceOrientationPortrait UIInterfaceOrientationLandscapeLeft UIInterfaceOrientationLandscapeRight";
				IPHONEOS_DEPLOYMENT_TARGET = 17.0;
				LD_RUNPATH_SEARCH_PATHS = "@executable_path/Frameworks";
				"LD_RUNPATH_SEARCH_PATHS[sdk=macosx*]" = "@executable_path/../Frameworks";
				MARKETING_VERSION = 1.0.0;
				OTHER_LDFLAGS = "-ObjC";
				PRODUCT_BUNDLE_IDENTIFIER = com.bizeaselink.SafeEat;
				PRODUCT_NAME = "$(TARGET_NAME)";
				PROVISIONING_PROFILE_SPECIFIER = "";
				REGISTER_APP_GROUPS = YES;
				SDKROOT = auto;
				STRING_CATALOG_GENERATE_SYMBOLS = YES;
				SUPPORTED_PLATFORMS = "iphoneos iphonesimulator";
				SUPPORTS_MACCATALYST = NO;
				SWIFT_APPROACHABLE_CONCURRENCY = YES;
				SWIFT_DEFAULT_ACTOR_ISOLATION = MainActor;
				SWIFT_EMIT_LOC_STRINGS = YES;
				SWIFT_OBJC_BRIDGING_HEADER = "SafeEat/SafeEat-Bridging-Header.h";
				SWIFT_UPCOMING_FEATURE_MEMBER_IMPORT_VISIBILITY = YES;
				SWIFT_VERSION = 5.0;
				TARGETED_DEVICE_FAMILY = "1,2";
			};
			name = Release;
		};
		43604B672F87D83D009131CE /* Debug */ = {
			isa = XCBuildConfiguration;
			buildSettings = {
				ALWAYS_SEARCH_USER_PATHS = NO;
				ASSETCATALOG_COMPILER_GENERATE_SWIFT_ASSET_SYMBOL_EXTENSIONS = YES;
				CLANG_ANALYZER_NONNULL = YES;
				CLANG_ANALYZER_NUMBER_OBJECT_CONVERSION = YES_AGGRESSIVE;
				CLANG_CXX_LANGUAGE_STANDARD = "gnu++20";
				CLANG_ENABLE_MODULES = YES;
				CLANG_ENABLE_OBJC_ARC = YES;
				CLANG_ENABLE_OBJC_WEAK = YES;
				CLANG_WARN_BLOCK_CAPTURE_AUTORELEASING = YES;
				CLANG_WARN_BOOL_CONVERSION = YES;
				CLANG_WARN_COMMA = YES;
				CLANG_WARN_CONSTANT_CONVERSION = YES;
				CLANG_WARN_DEPRECATED_OBJC_IMPLEMENTATIONS = YES;
				CLANG_WARN_DIRECT_OBJC_ISA_USAGE = YES_ERROR;
				CLANG_WARN_DOCUMENTATION_COMMENTS = YES;
				CLANG_WARN_EMPTY_BODY = YES;
				CLANG_WARN_ENUM_CONVERSION = YES;
				CLANG_WARN_INFINITE_RECURSION = YES;
				CLANG_WARN_INT_CONVERSION = YES;
				CLANG_WARN_NON_LITERAL_NULL_CONVERSION = YES;
				CLANG_WARN_OBJC_IMPLICIT_RETAIN_SELF = YES;
				CLANG_WARN_OBJC_LITERAL_CONVERSION = YES;
				CLANG_WARN_OBJC_ROOT_CLASS = YES_ERROR;
				CLANG_WARN_QUOTED_INCLUDE_IN_FRAMEWORK_HEADER = YES;
				CLANG_WARN_RANGE_LOOP_ANALYSIS = YES;
				CLANG_WARN_STRICT_PROTOTYPES = YES;
				CLANG_WARN_SUSPICIOUS_MOVE = YES;
				CLANG_WARN_UNGUARDED_AVAILABILITY = YES_AGGRESSIVE;
				CLANG_WARN_UNREACHABLE_CODE = YES;
				CLANG_WARN__DUPLICATE_METHOD_MATCH = YES;
				COPY_PHASE_STRIP = NO;
				DEBUG_INFORMATION_FORMAT = dwarf;
				DEVELOPMENT_TEAM = M99NCSX352;
				ENABLE_STRICT_OBJC_MSGSEND = YES;
				ENABLE_TESTABILITY = YES;
				ENABLE_USER_SCRIPT_SANDBOXING = YES;
				GCC_C_LANGUAGE_STANDARD = gnu17;
				GCC_DYNAMIC_NO_PIC = NO;
				GCC_NO_COMMON_BLOCKS = YES;
				GCC_OPTIMIZATION_LEVEL = 0;
				GCC_PREPROCESSOR_DEFINITIONS = (
					"DEBUG=1",
					"$(inherited)",
				);
				GCC_WARN_64_TO_32_BIT_CONVERSION = YES;
				GCC_WARN_ABOUT_RETURN_TYPE = YES_ERROR;
				GCC_WARN_UNDECLARED_SELECTOR = YES;
				GCC_WARN_UNINITIALIZED_AUTOS = YES_AGGRESSIVE;
				GCC_WARN_UNUSED_FUNCTION = YES;
				GCC_WARN_UNUSED_VARIABLE = YES;
				LOCALIZATION_PREFERS_STRING_CATALOGS = YES;
				MTL_ENABLE_DEBUG_INFO = INCLUDE_SOURCE;
				MTL_FAST_MATH = YES;
				NEW_SETTING = "";
				ONLY_ACTIVE_ARCH = YES;
				SWIFT_ACTIVE_COMPILATION_CONDITIONS = "DEBUG $(inherited)";
				SWIFT_OPTIMIZATION_LEVEL = "-Onone";
			};
			name = Debug;
		};
		43604B682F87D83D009131CE /* Release */ = {
			isa = XCBuildConfiguration;
			buildSettings = {
				ALWAYS_SEARCH_USER_PATHS = NO;
				ASSETCATALOG_COMPILER_GENERATE_SWIFT_ASSET_SYMBOL_EXTENSIONS = YES;
				CLANG_ANALYZER_NONNULL = YES;
				CLANG_ANALYZER_NUMBER_OBJECT_CONVERSION = YES_AGGRESSIVE;
				CLANG_CXX_LANGUAGE_STANDARD = "gnu++20";
				CLANG_ENABLE_MODULES = YES;
				CLANG_ENABLE_OBJC_ARC = YES;
				CLANG_ENABLE_OBJC_WEAK = YES;
				CLANG_WARN_BLOCK_CAPTURE_AUTORELEASING = YES;
				CLANG_WARN_BOOL_CONVERSION = YES;
				CLANG_WARN_COMMA = YES;
				CLANG_WARN_CONSTANT_CONVERSION = YES;
				CLANG_WARN_DEPRECATED_OBJC_IMPLEMENTATIONS = YES;
				CLANG_WARN_DIRECT_OBJC_ISA_USAGE = YES_ERROR;
				CLANG_WARN_DOCUMENTATION_COMMENTS = YES;
				CLANG_WARN_EMPTY_BODY = YES;
				CLANG_WARN_ENUM_CONVERSION = YES;
				CLANG_WARN_INFINITE_RECURSION = YES;
				CLANG_WARN_INT_CONVERSION = YES;
				CLANG_WARN_NON_LITERAL_NULL_CONVERSION = YES;
				CLANG_WARN_OBJC_IMPLICIT_RETAIN_SELF = YES;
				CLANG_WARN_OBJC_LITERAL_CONVERSION = YES;
				CLANG_WARN_OBJC_ROOT_CLASS = YES_ERROR;
				CLANG_WARN_QUOTED_INCLUDE_IN_FRAMEWORK_HEADER = YES;
				CLANG_WARN_RANGE_LOOP_ANALYSIS = YES;
				CLANG_WARN_STRICT_PROTOTYPES = YES;
				CLANG_WARN_SUSPICIOUS_MOVE = YES;
				CLANG_WARN_UNGUARDED_AVAILABILITY = YES_AGGRESSIVE;
				CLANG_WARN_UNREACHABLE_CODE = YES;
				CLANG_WARN__DUPLICATE_METHOD_MATCH = YES;
				COPY_PHASE_STRIP = NO;
				DEBUG_INFORMATION_FORMAT = "dwarf-with-dsym";
				DEVELOPMENT_TEAM = M99NCSX352;
				ENABLE_NS_ASSERTIONS = NO;
				ENABLE_STRICT_OBJC_MSGSEND = YES;
				ENABLE_USER_SCRIPT_SANDBOXING = YES;
				GCC_C_LANGUAGE_STANDARD = gnu17;
				GCC_NO_COMMON_BLOCKS = YES;
				GCC_WARN_64_TO_32_BIT_CONVERSION = YES;
				GCC_WARN_ABOUT_RETURN_TYPE = YES_ERROR;
				GCC_WARN_UNDECLARED_SELECTOR = YES;
				GCC_WARN_UNINITIALIZED_AUTOS = YES_AGGRESSIVE;
				GCC_WARN_UNUSED_FUNCTION = YES;
				GCC_WARN_UNUSED_VARIABLE = YES;
				LOCALIZATION_PREFERS_STRING_CATALOGS = YES;
				MTL_ENABLE_DEBUG_INFO = NO;
				MTL_FAST_MATH = YES;
				NEW_SETTING = "";
				SWIFT_COMPILATION_MODE = wholemodule;
			};
			name = Release;
		};
		43B55EC92F9CED9400B62CD8 /* Debug */ = {
			isa = XCBuildConfiguration;
			buildSettings = {
				CODE_SIGN_STYLE = Automatic;
				CURRENT_PROJECT_VERSION = 1;
				DEVELOPMENT_TEAM = M99NCSX352;
				GENERATE_INFOPLIST_FILE = YES;
				IPHONEOS_DEPLOYMENT_TARGET = 26.4;
				MARKETING_VERSION = 1.0.0;
				PRODUCT_BUNDLE_IDENTIFIER = bizeasylink.SafeEatUITests;
				PRODUCT_NAME = "$(TARGET_NAME)";
				SDKROOT = iphoneos;
				STRING_CATALOG_GENERATE_SYMBOLS = NO;
				SWIFT_APPROACHABLE_CONCURRENCY = YES;
				SWIFT_EMIT_LOC_STRINGS = NO;
				SWIFT_UPCOMING_FEATURE_MEMBER_IMPORT_VISIBILITY = YES;
				SWIFT_VERSION = 5.0;
				TARGETED_DEVICE_FAMILY = "1,2";
				TEST_TARGET_NAME = SafeEat;
			};
			name = Debug;
		};
		43B55ECA2F9CED9400B62CD8 /* Release */ = {
			isa = XCBuildConfiguration;
			buildSettings = {
				CODE_SIGN_STYLE = Automatic;
				CURRENT_PROJECT_VERSION = 1;
				DEVELOPMENT_TEAM = M99NCSX352;
				GENERATE_INFOPLIST_FILE = YES;
				IPHONEOS_DEPLOYMENT_TARGET = 26.4;
				MARKETING_VERSION = 1.0.0;
				PRODUCT_BUNDLE_IDENTIFIER = bizeasylink.SafeEatUITests;
				PRODUCT_NAME = "$(TARGET_NAME)";
				SDKROOT = iphoneos;
				STRING_CATALOG_GENERATE_SYMBOLS = NO;
				SWIFT_APPROACHABLE_CONCURRENCY = YES;
				SWIFT_EMIT_LOC_STRINGS = NO;
				SWIFT_UPCOMING_FEATURE_MEMBER_IMPORT_VISIBILITY = YES;
				SWIFT_VERSION = 5.0;
				TARGETED_DEVICE_FAMILY = "1,2";
				TEST_TARGET_NAME = SafeEat;
				VALIDATE_PRODUCT = YES;
			};
			name = Release;
		};
/* End XCBuildConfiguration section */

/* Begin XCConfigurationList section */
		43604B512F87D83A009131CE /* Build configuration list for PBXProject "SafeEat" */ = {
			isa = XCConfigurationList;
			buildConfigurations = (
				43604B672F87D83D009131CE /* Debug */,
				43604B682F87D83D009131CE /* Release */,
			);
			defaultConfigurationIsVisible = 0;
			defaultConfigurationName = Release;
		};
		43604B642F87D83D009131CE /* Build configuration list for PBXNativeTarget "SafeEat" */ = {
			isa = XCConfigurationList;
			buildConfigurations = (
				43604B652F87D83D009131CE /* Debug */,
				43604B662F87D83D009131CE /* Release */,
			);
			defaultConfigurationIsVisible = 0;
			defaultConfigurationName = Release;
		};
		43B55EC82F9CED9400B62CD8 /* Build configuration list for PBXNativeTarget "SafeEatUITests" */ = {
			isa = XCConfigurationList;
			buildConfigurations = (
				43B55EC92F9CED9400B62CD8 /* Debug */,
				43B55ECA2F9CED9400B62CD8 /* Release */,
			);
			defaultConfigurationIsVisible = 0;
			defaultConfigurationName = Release;
		};
/* End XCConfigurationList section */

/* Begin XCRemoteSwiftPackageReference section */
		434437892FF1260D00B96C63 /* XCRemoteSwiftPackageReference "lottie-ios" */ = {
			isa = XCRemoteSwiftPackageReference;
			repositoryURL = "https://gh-proxy.com/https://github.com/airbnb/lottie-ios.git";
			requirement = {
				kind = upToNextMajorVersion;
				minimumVersion = 4.6.1;
			};
		};
/* End XCRemoteSwiftPackageReference section */

/* Begin XCSwiftPackageProductDependency section */
		434439D42FF3B3A500B96C63 /* Lottie */ = {
			isa = XCSwiftPackageProductDependency;
			package = 434437892FF1260D00B96C63 /* XCRemoteSwiftPackageReference "lottie-ios" */;
			productName = Lottie;
		};
/* End XCSwiftPackageProductDependency section */
	};
	rootObject = 43604B4E2F87D83A009131CE /* Project object */;
}
